
Microsoft Visual Studio Solution File, Format Version 12.00
# Visual Studio Version 17
VisualStudioVersion = 17.0.31903.59
MinimumVisualStudioVersion = 10.0.40219.1
Project("{2150E333-8FDC-42A3-9474-1A3956D46DE8}") = "src", "src", "{066E2317-3CDB-487A-8819-045538CB2ED9}"
EndProject
Project("{9A19103F-16F7-4668-BE54-9A1E7A4F7556}") = "AuctionService", "src\AuctionService\AuctionService.csproj", "{8C969DE9-C457-4A8F-BD69-48F29CE7A172}"
EndProject
Project("{9A19103F-16F7-4668-BE54-9A1E7A4F7556}") = "SearchService", "src\SearchService\SearchService.csproj", "{1D53B5BF-1235-422E-BA41-1C551D290A2C}"
	ProjectSection(ProjectDependencies) = postProject
		{8C969DE9-C457-4A8F-BD69-48F29CE7A172} = {8C969DE9-C457-4A8F-BD69-48F29CE7A172}
	EndProjectSection
EndProject
Project("{9A19103F-16F7-4668-BE54-9A1E7A4F7556}") = "Contracts", "src\Contracts\Contracts.csproj", "{DAB8BD5E-313F-41F3-8241-28EF27689152}"
EndProject
Project("{9A19103F-16F7-4668-BE54-9A1E7A4F7556}") = "IdentityService", "src\IdentityService\IdentityService.csproj", "{4617D0EE-9901-4827-B602-AD0AD52818EE}"
EndProject
Project("{FAE04EC0-301F-11D3-BF4B-00C04F79EFBC}") = "GatewayService", "src\GatewayService\GatewayService.csproj", "{B9ECAF5D-BC12-4DD6-AF32-286AA2C5AFB2}"
EndProject
Global
	GlobalSection(SolutionConfigurationPlatforms) = preSolution
		Debug|Any CPU = Debug|Any CPU
		Release|Any CPU = Release|Any CPU
	EndGlobalSection
	GlobalSection(ProjectConfigurationPlatforms) = postSolution
		{8C969DE9-C457-4A8F-BD69-48F29CE7A172}.Debug|Any CPU.ActiveCfg = Debug|Any CPU
		{8C969DE9-C457-4A8F-BD69-48F29CE7A172}.Debug|Any CPU.Build.0 = Debug|Any CPU
		{8C969DE9-C457-4A8F-BD69-48F29CE7A172}.Release|Any CPU.ActiveCfg = Release|Any CPU
		{8C969DE9-C457-4A8F-BD69-48F29CE7A172}.Release|Any CPU.Build.0 = Release|Any CPU
		{1D53B5BF-1235-422E-BA41-1C551D290A2C}.Debug|Any CPU.ActiveCfg = Debug|Any CPU
		{1D53B5BF-1235-422E-BA41-1C551D290A2C}.Debug|Any CPU.Build.0 = Debug|Any CPU
		{1D53B5BF-1235-422E-BA41-1C551D290A2C}.Release|Any CPU.ActiveCfg = Release|Any CPU
		{1D53B5BF-1235-422E-BA41-1C551D290A2C}.Release|Any CPU.Build.0 = Release|Any CPU
		{DAB8BD5E-313F-41F3-8241-28EF27689152}.Debug|Any CPU.ActiveCfg = Debug|Any CPU
		{DAB8BD5E-313F-41F3-8241-28EF27689152}.Debug|Any CPU.Build.0 = Debug|Any CPU
		{DAB8BD5E-313F-41F3-8241-28EF27689152}.Release|Any CPU.ActiveCfg = Release|Any CPU
		{DAB8BD5E-313F-41F3-8241-28EF27689152}.Release|Any CPU.Build.0 = Release|Any CPU
		{4617D0EE-9901-4827-B602-AD0AD52818EE}.Debug|Any CPU.ActiveCfg = Debug|Any CPU
		{4617D0EE-9901-4827-B602-AD0AD52818EE}.Debug|Any CPU.Build.0 = Debug|Any CPU
		{4617D0EE-9901-4827-B602-AD0AD52818EE}.Release|Any CPU.ActiveCfg = Release|Any CPU
		{4617D0EE-9901-4827-B602-AD0AD52818EE}.Release|Any CPU.Build.0 = Release|Any CPU
		{B9ECAF5D-BC12-4DD6-AF32-286AA2C5AFB2}.Debug|Any CPU.ActiveCfg = Debug|Any CPU
		{B9ECAF5D-BC12-4DD6-AF32-286AA2C5AFB2}.Debug|Any CPU.Build.0 = Debug|Any CPU
		{B9ECAF5D-BC12-4DD6-AF32-286AA2C5AFB2}.Release|Any CPU.ActiveCfg = Release|Any CPU
		{B9ECAF5D-BC12-4DD6-AF32-286AA2C5AFB2}.Release|Any CPU.Build.0 = Release|Any CPU
	EndGlobalSection
	GlobalSection(SolutionProperties) = preSolution
		HideSolutionNode = FALSE
	EndGlobalSection
	GlobalSection(NestedProjects) = preSolution
		{8C969DE9-C457-4A8F-BD69-48F29CE7A172} = {066E2317-3CDB-487A-8819-045538CB2ED9}
		{1D53B5BF-1235-422E-BA41-1C551D290A2C} = {066E2317-3CDB-487A-8819-045538CB2ED9}
		{DAB8BD5E-313F-41F3-8241-28EF27689152} = {066E2317-3CDB-487A-8819-045538CB2ED9}
		{4617D0EE-9901-4827-B602-AD0AD52818EE} = {066E2317-3CDB-487A-8819-045538CB2ED9}
		{B9ECAF5D-BC12-4DD6-AF32-286AA2C5AFB2} = {066E2317-3CDB-487A-8819-045538CB2ED9}
	EndGlobalSection
EndGlobal
